
Microsoft Visual Studio Solution File, Format Version 12.00
# Visual Studio Version 17
VisualStudioVersion = 17.0.32112.339
MinimumVisualStudioVersion = 10.0.40219.1
Project("{FAE04EC0-301F-11D3-BF4B-00C04F79EFBC}") = "ConsoleApp1", "ConsoleApp1\ConsoleApp1.csproj", "{2B8CA46F-0861-49C4-AF19-29E114510166}"
EndProject
Project("{FAE04EC0-301F-11D3-BF4B-00C04F79EFBC}") = "ExplicitConstructorDemo", "ExplicitConstructorDemo\ExplicitConstructorDemo.csproj", "{41EB7143-DC8F-4D1D-8184-659DFD140BE2}"
EndProject
Project("{FAE04EC0-301F-11D3-BF4B-00C04F79EFBC}") = "ParameterizedConstructor", "ParameterizedConstructor\ParameterizedConstructor.csproj", "{A1248BA9-9BF4-407B-B635-D3B23B68152C}"
EndProject
Project("{FAE04EC0-301F-11D3-BF4B-00C04F79EFBC}") = "CopyConstrutor", "CopyConstrutor\CopyConstrutor.csproj", "{95582D9A-751A-4D1E-A305-DDA5379A799E}"
EndProject
Project("{FAE04EC0-301F-11D3-BF4B-00C04F79EFBC}") = "StaticConstructor", "StaticConstructor\StaticConstructor.csproj", "{02E4599D-5EF5-4365-BB4C-C460C0DBC6D2}"
EndProject
Project("{FAE04EC0-301F-11D3-BF4B-00C04F79EFBC}") = "ConstructorNeedDemo", "ConstructorNeedDemo\ConstructorNeedDemo.csproj", "{84AC9EAA-62BC-42E2-B93C-F95AA7D412F0}"
EndProject
Project("{FAE04EC0-301F-11D3-BF4B-00C04F79EFBC}") = "StaticVsNonStaticConstructor", "StaticVsNonStaticConstructor\StaticVsNonStaticConstructor.csproj", "{6543E7B1-9F78-4EF1-B188-AF12F7FDBE09}"
EndProject
Global
	GlobalSection(SolutionConfigurationPlatforms) = preSolution
		Debug|Any CPU = Debug|Any CPU
		Release|Any CPU = Release|Any CPU
	EndGlobalSection
	GlobalSection(ProjectConfigurationPlatforms) = postSolution
		{2B8CA46F-0861-49C4-AF19-29E114510166}.Debug|Any CPU.ActiveCfg = Debug|Any CPU
		{2B8CA46F-0861-49C4-AF19-29E114510166}.Debug|Any CPU.Build.0 = Debug|Any CPU
		{2B8CA46F-0861-49C4-AF19-29E114510166}.Release|Any CPU.ActiveCfg = Release|Any CPU
		{2B8CA46F-0861-49C4-AF19-29E114510166}.Release|Any CPU.Build.0 = Release|Any CPU
		{41EB7143-DC8F-4D1D-8184-659DFD140BE2}.Debug|Any CPU.ActiveCfg = Debug|Any CPU
		{41EB7143-DC8F-4D1D-8184-659DFD140BE2}.Debug|Any CPU.Build.0 = Debug|Any CPU
		{41EB7143-DC8F-4D1D-8184-659DFD140BE2}.Release|Any CPU.ActiveCfg = Release|Any CPU
		{41EB7143-DC8F-4D1D-8184-659DFD140BE2}.Release|Any CPU.Build.0 = Release|Any CPU
		{A1248BA9-9BF4-407B-B635-D3B23B68152C}.Debug|Any CPU.ActiveCfg = Debug|Any CPU
		{A1248BA9-9BF4-407B-B635-D3B23B68152C}.Debug|Any CPU.Build.0 = Debug|Any CPU
		{A1248BA9-9BF4-407B-B635-D3B23B68152C}.Release|Any CPU.ActiveCfg = Release|Any CPU
		{A1248BA9-9BF4-407B-B635-D3B23B68152C}.Release|Any CPU.Build.0 = Release|Any CPU
		{95582D9A-751A-4D1E-A305-DDA5379A799E}.Debug|Any CPU.ActiveCfg = Debug|Any CPU
		{95582D9A-751A-4D1E-A305-DDA5379A799E}.Debug|Any CPU.Build.0 = Debug|Any CPU
		{95582D9A-751A-4D1E-A305-DDA5379A799E}.Release|Any CPU.ActiveCfg = Release|Any CPU
		{95582D9A-751A-4D1E-A305-DDA5379A799E}.Release|Any CPU.Build.0 = Release|Any CPU
		{02E4599D-5EF5-4365-BB4C-C460C0DBC6D2}.Debug|Any CPU.ActiveCfg = Debug|Any CPU
		{02E4599D-5EF5-4365-BB4C-C460C0DBC6D2}.Debug|Any CPU.Build.0 = Debug|Any CPU
		{02E4599D-5EF5-4365-BB4C-C460C0DBC6D2}.Release|Any CPU.ActiveCfg = Release|Any CPU
		{02E4599D-5EF5-4365-BB4C-C460C0DBC6D2}.Release|Any CPU.Build.0 = Release|Any CPU
		{84AC9EAA-62BC-42E2-B93C-F95AA7D412F0}.Debug|Any CPU.ActiveCfg = Debug|Any CPU
		{84AC9EAA-62BC-42E2-B93C-F95AA7D412F0}.Debug|Any CPU.Build.0 = Debug|Any CPU
		{84AC9EAA-62BC-42E2-B93C-F95AA7D412F0}.Release|Any CPU.ActiveCfg = Release|Any CPU
		{84AC9EAA-62BC-42E2-B93C-F95AA7D412F0}.Release|Any CPU.Build.0 = Release|Any CPU
		{6543E7B1-9F78-4EF1-B188-AF12F7FDBE09}.Debug|Any CPU.ActiveCfg = Debug|Any CPU
		{6543E7B1-9F78-4EF1-B188-AF12F7FDBE09}.Debug|Any CPU.Build.0 = Debug|Any CPU
		{6543E7B1-9F78-4EF1-B188-AF12F7FDBE09}.Release|Any CPU.ActiveCfg = Release|Any CPU
		{6543E7B1-9F78-4EF1-B188-AF12F7FDBE09}.Release|Any CPU.Build.0 = Release|Any CPU
	EndGlobalSection
	GlobalSection(SolutionProperties) = preSolution
		HideSolutionNode = FALSE
	EndGlobalSection
	GlobalSection(ExtensibilityGlobals) = postSolution
		SolutionGuid = {70708204-6B89-4158-9DB7-086E5B4EB6A5}
	EndGlobalSection
EndGlobal
